
Microsoft Visual Studio Solution File, Format Version 12.00
# Visual Studio Version 16
VisualStudioVersion = 16.0.31313.79
MinimumVisualStudioVersion = 10.0.40219.1
Project("{FAE04EC0-301F-11D3-BF4B-00C04F79EFBC}") = "PokemonMapMaker", "MapMaker\PokemonMapMaker.csproj", "{ED466E4F-3F05-4D08-A829-D5D20837CE5F}"
EndProject
Global
	GlobalSection(SolutionConfigurationPlatforms) = preSolution
		Debug|Any CPU = Debug|Any CPU
		Release|Any CPU = Release|Any CPU
	EndGlobalSection
	GlobalSection(ProjectConfigurationPlatforms) = postSolution
		{ED466E4F-3F05-4D08-A829-D5D20837CE5F}.Debug|Any CPU.ActiveCfg = Debug|Any CPU
		{ED466E4F-3F05-4D08-A829-D5D20837CE5F}.Debug|Any CPU.Build.0 = Debug|Any CPU
		{ED466E4F-3F05-4D08-A829-D5D20837CE5F}.Release|Any CPU.ActiveCfg = Release|Any CPU
		{ED466E4F-3F05-4D08-A829-D5D20837CE5F}.Release|Any CPU.Build.0 = Release|Any CPU
	EndGlobalSection
	GlobalSection(SolutionProperties) = preSolution
		HideSolutionNode = FALSE
	EndGlobalSection
	GlobalSection(ExtensibilityGlobals) = postSolution
		SolutionGuid = {0502FC18-3618-4C51-BE90-D2AC106A17D1}
	EndGlobalSection
EndGlobal
